
Microsoft Visual Studio Solution File, Format Version 12.00
# Visual Studio Version 17
VisualStudioVersion = 17.5.002.0
MinimumVisualStudioVersion = 10.0.40219.1
Project("{9A19103F-16F7-4668-BE54-9A1E7A4F7556}") = "Naive Neural Network", "Naive Neural Network.csproj", "{535038D6-147F-4CFB-85FB-6BCC52CA0FB4}"
EndProject
Global
	GlobalSection(SolutionConfigurationPlatforms) = preSolution
		Debug|Any CPU = Debug|Any CPU
		Release|Any CPU = Release|Any CPU
	EndGlobalSection
	GlobalSection(ProjectConfigurationPlatforms) = postSolution
		{535038D6-147F-4CFB-85FB-6BCC52CA0FB4}.Debug|Any CPU.ActiveCfg = Debug|Any CPU
		{535038D6-147F-4CFB-85FB-6BCC52CA0FB4}.Debug|Any CPU.Build.0 = Debug|Any CPU
		{535038D6-147F-4CFB-85FB-6BCC52CA0FB4}.Release|Any CPU.ActiveCfg = Release|Any CPU
		{535038D6-147F-4CFB-85FB-6BCC52CA0FB4}.Release|Any CPU.Build.0 = Release|Any CPU
	EndGlobalSection
	GlobalSection(SolutionProperties) = preSolution
		HideSolutionNode = FALSE
	EndGlobalSection
	GlobalSection(ExtensibilityGlobals) = postSolution
		SolutionGuid = {4441F1F7-4801-477B-99DD-1267610474B9}
	EndGlobalSection
EndGlobal
